PODS:
  - Bitter (3.1.1)
  - CocoaAsyncSocket (7.6.3)
  - CocoaMQTT (1.1.3):
    - CocoaAsyncSocket (~> 7.6.3)
  - FMDB (2.7.5):
    - FMDB/standard (= 2.7.5)
  - FMDB/standard (2.7.5)
  - IQKeyboardManagerSwift (6.2.0)
  - LKDBHelper (2.5.1):
    - LKDBHelper/standard (= 2.5.1)
  - LKDBHelper/standard (2.5.1):
    - FMDB
  - OpenSSL-Universal (1.0.2.13)
  - PKHUD (5.2.0)
  - RealReachability (1.3.0):
    - RealReachability/Connection (= 1.3.0)
    - RealReachability/Ping (= 1.3.0)
  - RealReachability/Connection (1.3.0)
  - RealReachability/Ping (1.3.0)
  - SwiftyJSON (4.2.0)

DEPENDENCIES:
  - Bitter
  - CocoaAsyncSocket
  - CocoaMQTT
  - IQKeyboardManagerSwift
  - LKDBHelper
  - OpenSSL-Universal
  - PKHUD (~> 5.0)
  - RealReachability
  - SwiftyJSON

SPEC REPOS:
  https://github.com/cocoapods/specs.git:
    - Bitter
    - CocoaAsyncSocket
    - CocoaMQTT
    - FMDB
    - IQKeyboardManagerSwift
    - LKDBHelper
    - OpenSSL-Universal
    - PKHUD
    - RealReachability
    - SwiftyJSON

SPEC CHECKSUMS:
  Bitter: 9a6aa16f2c4e4303720c441108581b27c400ec27
  CocoaAsyncSocket: eafaa68a7e0ec99ead0a7b35015e0bf25d2c8987
  CocoaMQTT: b506d38ad3bbe1c55a4f8ee8c9fd02c35da1a7d8
  FMDB: 2ce00b547f966261cd18927a3ddb07cb6f3db82a
  IQKeyboardManagerSwift: b07ccf9d8cafe993dcd6cb794eb4ba34611a0c4e
  LKDBHelper: 9a276ba51f2e16263d46a9517e16cc9b03472664
  OpenSSL-Universal: 401888162f11c33ebbd46f782d9229da35c61327
  PKHUD: dd5357ac65f26115c35c4a68e9b328053326c5fe
  RealReachability: eae9c58d2db52fadd8e1cba4b5d4c028454fbc47
  SwiftyJSON: c4bcba26dd9ec7a027fc8eade48e2c911f229e96

PODFILE CHECKSUM: 42cc2299b60f5410227590a6e186e6c262c0a66f

COCOAPODS: 1.6.0
